lockVersion: 2.0.0
id: 463c131b-53b7-4e8c-b4de-cf4f7ff95e4d
management:
  docChecksum: f22d50ed7aa4956c14ae35514eb114c1
  docVersion: 1.0.0
  speakeasyVersion: 1.313.1
  generationVersion: 2.347.8
  releaseVersion: 4.4.0
  configChecksum: b52b914035b5c023c16c1f1e5b3c00bd
  repoURL: https://github.com/speakeasy-sdks/template-sdk.git
  repoSubDirectory: .
  installationURL: https://github.com/speakeasy-sdks/template-sdk.git
features:
  python:
    additionalDependencies: 0.1.0
    callbacks: 1.0.0
    core: 4.6.12
    errors: 2.81.10
    examples: 2.81.3
    flattening: 2.81.1
    globalSecurity: 2.83.5
    globalSecurityCallbacks: 0.1.0
    globalServerURLs: 2.82.2
    inputOutputModels: 2.83.1
    methodSecurity: 2.82.1
    methodServerURLs: 2.82.1
    responseFormat: 0.1.0
    retries: 2.82.2
    sdkHooks: 0.1.0
    serverIDs: 2.81.1
    webhooks: 1.0.0
generatedFiles:
  - src/speakeasybar/sdkconfiguration.py
  - src/speakeasybar/authentication.py
  - src/speakeasybar/drinks.py
  - src/speakeasybar/ingredients.py
  - src/speakeasybar/orders.py
  - src/speakeasybar/config.py
  - src/speakeasybar/sdk.py
  - py.typed
  - pylintrc
  - scripts/publish.sh
  - setup.py
  - src/speakeasybar/__init__.py
  - src/speakeasybar/utils/__init__.py
  - src/speakeasybar/utils/retries.py
  - src/speakeasybar/utils/utils.py
  - src/speakeasybar/models/errors/sdkerror.py
  - src/speakeasybar/models/operations/login.py
  - src/speakeasybar/models/operations/getdrink.py
  - src/speakeasybar/models/operations/listdrinks.py
  - src/speakeasybar/models/operations/listingredients.py
  - src/speakeasybar/models/operations/createorder.py
  - src/speakeasybar/models/operations/subscribetowebhooks.py
  - src/speakeasybar/models/shared/error.py
  - src/speakeasybar/models/shared/drink.py
  - src/speakeasybar/models/shared/drinktype.py
  - src/speakeasybar/models/shared/ingredient.py
  - src/speakeasybar/models/shared/ingredienttype.py
  - src/speakeasybar/models/shared/order.py
  - src/speakeasybar/models/shared/ordertype.py
  - src/speakeasybar/models/shared/order_input.py
  - src/speakeasybar/models/shared/security.py
  - src/speakeasybar/models/shared/ingredient_input.py
  - src/speakeasybar/models/shared/drink_input.py
  - src/speakeasybar/models/errors/apierror.py
  - src/speakeasybar/models/errors/badrequest.py
  - src/speakeasybar/models/callbacks/createorder.py
  - src/speakeasybar/models/webhooks/stockupdate.py
  - src/speakeasybar/models/__init__.py
  - src/speakeasybar/models/errors/__init__.py
  - src/speakeasybar/models/operations/__init__.py
  - src/speakeasybar/models/shared/__init__.py
  - src/speakeasybar/models/callbacks/__init__.py
  - src/speakeasybar/models/webhooks/__init__.py
  - docs/models/operations/loginsecurity.md
  - docs/models/operations/type.md
  - docs/models/operations/loginrequestbody.md
  - docs/models/operations/loginresponsebody.md
  - docs/models/operations/loginresponse.md
  - docs/models/operations/getdrinkrequest.md
  - docs/models/operations/getdrinkresponse.md
  - docs/models/operations/listdrinksrequest.md
  - docs/models/operations/listdrinksresponse.md
  - docs/models/operations/listingredientsrequest.md
  - docs/models/operations/listingredientsresponse.md
  - docs/models/operations/createorderrequest.md
  - docs/models/operations/createorderresponse.md
  - docs/models/operations/webhook.md
  - docs/models/operations/requestbody.md
  - docs/models/operations/subscribetowebhooksresponse.md
  - docs/models/shared/error.md
  - docs/models/shared/drink.md
  - docs/models/shared/drinktype.md
  - docs/models/shared/ingredient.md
  - docs/models/shared/ingredienttype.md
  - docs/models/shared/status.md
  - docs/models/shared/order.md
  - docs/models/shared/ordertype.md
  - docs/models/shared/orderinput.md
  - docs/models/shared/security.md
  - docs/models/shared/ingredientinput.md
  - docs/models/shared/drinkinput.md
  - docs/models/errors/apierror.md
  - docs/models/errors/badrequest.md
  - docs/models/callbacks/createorderorderupdateresponse.md
  - docs/models/callbacks/createorderorderupdaterequestbody.md
  - docs/models/webhooks/stockupdateresponse.md
  - docs/models/webhooks/stockupdaterequestbody.md
  - docs/sdks/speakeasybar/README.md
  - docs/sdks/authentication/README.md
  - docs/sdks/drinks/README.md
  - docs/sdks/ingredients/README.md
  - docs/sdks/orders/README.md
  - docs/models/utils/retryconfig.md
  - docs/sdks/config/README.md
  - USAGE.md
  - .gitattributes
  - src/speakeasybar/_hooks/sdkhooks.py
  - src/speakeasybar/_hooks/types.py
  - src/speakeasybar/_hooks/__init__.py
